
Microsoft Visual Studio Solution File, Format Version 12.00
# Visual Studio 15
VisualStudioVersion = 15.0.26730.16
MinimumVisualStudioVersion = 10.0.40219.1
Project("{FAE04EC0-301F-11D3-BF4B-00C04F79EFBC}") = "QRCodeGen", "QRCodeGen\QRCodeGen.csproj", "{43427506-4379-4A62-A3D4-538377538363}"
EndProject
Global
	GlobalSection(SolutionConfigurationPlatforms) = preSolution
		Debug|Any CPU = Debug|Any CPU
		Release|Any CPU = Release|Any CPU
	EndGlobalSection
	GlobalSection(ProjectConfigurationPlatforms) = postSolution
		{43427506-4379-4A62-A3D4-538377538363}.Debug|Any CPU.ActiveCfg = Debug|Any CPU
		{43427506-4379-4A62-A3D4-538377538363}.Debug|Any CPU.Build.0 = Debug|Any CPU
		{43427506-4379-4A62-A3D4-538377538363}.Release|Any CPU.ActiveCfg = Release|Any CPU
		{43427506-4379-4A62-A3D4-538377538363}.Release|Any CPU.Build.0 = Release|Any CPU
	EndGlobalSection
	GlobalSection(SolutionProperties) = preSolution
		HideSolutionNode = FALSE
	EndGlobalSection
	GlobalSection(ExtensibilityGlobals) = postSolution
		SolutionGuid = {AC3F5735-0EBC-4B58-ABDA-5847CDF416C6}
	EndGlobalSection
EndGlobal
